
Microsoft Visual Studio Solution File, Format Version 12.00
# Visual Studio Version 16
VisualStudioVersion = 16.0.30523.141
MinimumVisualStudioVersion = 10.0.40219.1
Project("{FAE04EC0-301F-11D3-BF4B-00C04F79EFBC}") = "7_TamañoTexto", "7_TamañoTexto\7_TamañoTexto.csproj", "{4EE88598-BBCA-4B52-8FA6-6404F682C018}"
EndProject
Global
	GlobalSection(SolutionConfigurationPlatforms) = preSolution
		Debug|Any CPU = Debug|Any CPU
		Release|Any CPU = Release|Any CPU
	EndGlobalSection
	GlobalSection(ProjectConfigurationPlatforms) = postSolution
		{4EE88598-BBCA-4B52-8FA6-6404F682C018}.Debug|Any CPU.ActiveCfg = Debug|Any CPU
		{4EE88598-BBCA-4B52-8FA6-6404F682C018}.Debug|Any CPU.Build.0 = Debug|Any CPU
		{4EE88598-BBCA-4B52-8FA6-6404F682C018}.Release|Any CPU.ActiveCfg = Release|Any CPU
		{4EE88598-BBCA-4B52-8FA6-6404F682C018}.Release|Any CPU.Build.0 = Release|Any CPU
	EndGlobalSection
	GlobalSection(SolutionProperties) = preSolution
		HideSolutionNode = FALSE
	EndGlobalSection
	GlobalSection(ExtensibilityGlobals) = postSolution
		SolutionGuid = {9D669E50-9C71-4E48-8F74-ADA9D55E4794}
	EndGlobalSection
EndGlobal
